
Microsoft Visual Studio Solution File, Format Version 12.00
# Visual Studio 14
VisualStudioVersion = 14.0.24720.0
MinimumVisualStudioVersion = 10.0.40219.1
Project("{F2A71F9B-5D33-465A-A702-920D77279786}") = "Qiqir", "Qiqir\Qiqir.fsproj", "{D74FD05F-46DA-4643-971A-1517CA6183EA}"
EndProject
Global
	GlobalSection(SolutionConfigurationPlatforms) = preSolution
		Debug|Any CPU = Debug|Any CPU
		Release|Any CPU = Release|Any CPU
	EndGlobalSection
	GlobalSection(ProjectConfigurationPlatforms) = postSolution
		{D74FD05F-46DA-4643-971A-1517CA6183EA}.Debug|Any CPU.ActiveCfg = Debug|Any CPU
		{D74FD05F-46DA-4643-971A-1517CA6183EA}.Debug|Any CPU.Build.0 = Debug|Any CPU
		{D74FD05F-46DA-4643-971A-1517CA6183EA}.Debug|Any CPU.Deploy.0 = Debug|Any CPU
		{D74FD05F-46DA-4643-971A-1517CA6183EA}.Release|Any CPU.ActiveCfg = Release|Any CPU
		{D74FD05F-46DA-4643-971A-1517CA6183EA}.Release|Any CPU.Build.0 = Release|Any CPU
		{D74FD05F-46DA-4643-971A-1517CA6183EA}.Release|Any CPU.Deploy.0 = Release|Any CPU
	EndGlobalSection
	GlobalSection(SolutionProperties) = preSolution
		HideSolutionNode = FALSE
	EndGlobalSection
EndGlobal
